// !$*UTF8*$!
{
	archiveVersion = 1;
	classes = {
	};
	objectVersion = 56;
	objects = {

/* Begin PBXBuildFile section */
		5759D52A28E856C80091B10D /* AppDelegate.swift in Sources */ = {isa = PBXBuildFile; fileRef = 5759D52928E856C80091B10D /* AppDelegate.swift */; };
		5759D52C28E856C80091B10D /* SceneDelegate.swift in Sources */ = {isa = PBXBuildFile; fileRef = 5759D52B28E856C80091B10D /* SceneDelegate.swift */; };
		5759D52E28E856C80091B10D /* ViewController.swift in Sources */ = {isa = PBXBuildFile; fileRef = 5759D52D28E856C80091B10D /* ViewController.swift */; };
		5759D53128E856C80091B10D /* Main.storyboard in Resources */ = {isa = PBXBuildFile; fileRef = 5759D52F28E856C80091B10D /* Main.storyboard */; };
		5759D53328E856C80091B10D /* Assets.xcassets in Resources */ = {isa = PBXBuildFile; fileRef = 5759D53228E856C80091B10D /* Assets.xcassets */; };
		5759D53628E856C80091B10D /* LaunchScreen.storyboard in Resources */ = {isa = PBXBuildFile; fileRef = 5759D53428E856C80091B10D /* LaunchScreen.storyboard */; };
		575DF88428E872F9004F1AC1 /* GoogleService-Info.plist in Resources */ = {isa = PBXBuildFile; fileRef = 575DF88328E872F9004F1AC1 /* GoogleService-Info.plist */; };
		579D04E328ECA288009C82C5 /* RegistrationVC.swift in Sources */ = {isa = PBXBuildFile; fileRef = 579D04E228ECA288009C82C5 /* RegistrationVC.swift */; };
		579D04E528ECA6D2009C82C5 /* EntranceVC.swift in Sources */ = {isa = PBXBuildFile; fileRef = 579D04E428ECA6D2009C82C5 /* EntranceVC.swift */; };
		579D04E728ECAB7B009C82C5 /* RegistrationAndEnter.swift in Sources */ = {isa = PBXBuildFile; fileRef = 579D04E628ECAB7B009C82C5 /* RegistrationAndEnter.swift */; };
		579D04E928ECC685009C82C5 /* Password.swift in Sources */ = {isa = PBXBuildFile; fileRef = 579D04E828ECC685009C82C5 /* Password.swift */; };
		579D050028ECD08C009C82C5 /* FirebaseAnalytics in Frameworks */ = {isa = PBXBuildFile; productRef = 579D04FF28ECD08C009C82C5 /* FirebaseAnalytics */; };
		579D050228ECD08C009C82C5 /* FirebaseAnalyticsOnDeviceConversion in Frameworks */ = {isa = PBXBuildFile; productRef = 579D050128ECD08C009C82C5 /* FirebaseAnalyticsOnDeviceConversion */; };
		579D050428ECD08C009C82C5 /* FirebaseAnalyticsSwift in Frameworks */ = {isa = PBXBuildFile; productRef = 579D050328ECD08C009C82C5 /* FirebaseAnalyticsSwift */; };
		579D050628ECD08C009C82C5 /* FirebaseAuth in Frameworks */ = {isa = PBXBuildFile; productRef = 579D050528ECD08C009C82C5 /* FirebaseAuth */; };
		579D050828ECD08C009C82C5 /* FirebaseAuthCombine-Community in Frameworks */ = {isa = PBXBuildFile; productRef = 579D050728ECD08C009C82C5 /* FirebaseAuthCombine-Community */; };
		579D050A28ECD08C009C82C5 /* FirebaseDatabase in Frameworks */ = {isa = PBXBuildFile; productRef = 579D050928ECD08C009C82C5 /* FirebaseDatabase */; };
		579D050C28ECD08C009C82C5 /* FirebaseDatabaseSwift in Frameworks */ = {isa = PBXBuildFile; productRef = 579D050B28ECD08C009C82C5 /* FirebaseDatabaseSwift */; };
		579D050E28ECD08C009C82C5 /* FirebaseDynamicLinks in Frameworks */ = {isa = PBXBuildFile; productRef = 579D050D28ECD08C009C82C5 /* FirebaseDynamicLinks */; };
		579D051028ECD08C009C82C5 /* FirebaseFirestore in Frameworks */ = {isa = PBXBuildFile; productRef = 579D050F28ECD08C009C82C5 /* FirebaseFirestore */; };
		579D051228ECD08C009C82C5 /* FirebaseFirestoreSwift in Frameworks */ = {isa = PBXBuildFile; productRef = 579D051128ECD08C009C82C5 /* FirebaseFirestoreSwift */; };
		579D051428ECD08C009C82C5 /* FirebaseStorage in Frameworks */ = {isa = PBXBuildFile; productRef = 579D051328ECD08C009C82C5 /* FirebaseStorage */; };
		579D051628EDA23B009C82C5 /* OrdersVC.swift in Sources */ = {isa = PBXBuildFile; fileRef = 579D051528EDA23B009C82C5 /* OrdersVC.swift */; };
		579D051828EDA298009C82C5 /* Constants.swift in Sources */ = {isa = PBXBuildFile; fileRef = 579D051728EDA298009C82C5 /* Constants.swift */; };
/* End PBXBuildFile section */

/* Begin PBXFileReference section */
		5759D52628E856C80091B10D /* WorkingServices.app */ = {isa = PBXFileReference; explicitFileType = wrapper.application; includeInIndex = 0; path = WorkingServices.app; sourceTree = BUILT_PRODUCTS_DIR; };
		5759D52928E856C80091B10D /* AppDelegate.swift */ = {isa = PBXFileReference; lastKnownFileType = sourcecode.swift; path = AppDelegate.swift; sourceTree = "<group>"; };
		5759D52B28E856C80091B10D /* SceneDelegate.swift */ = {isa = PBXFileReference; lastKnownFileType = sourcecode.swift; path = SceneDelegate.swift; sourceTree = "<group>"; };
		5759D52D28E856C80091B10D /* ViewController.swift */ = {isa = PBXFileReference; lastKnownFileType = sourcecode.swift; path = ViewController.swift; sourceTree = "<group>"; };
		5759D53028E856C80091B10D /* Base */ = {isa = PBXFileReference; lastKnownFileType = file.storyboard; name = Base; path = Base.lproj/Main.storyboard; sourceTree = "<group>"; };
		5759D53228E856C80091B10D /* Assets.xcassets */ = {isa = PBXFileReference; lastKnownFileType = folder.assetcatalog; path = Assets.xcassets; sourceTree = "<group>"; };
		5759D53528E856C80091B10D /* Base */ = {isa = PBXFileReference; lastKnownFileType = file.storyboard; name = Base; path = Base.lproj/LaunchScreen.storyboard; sourceTree = "<group>"; };
		5759D53728E856C80091B10D /* Info.plist */ = {isa = PBXFileReference; lastKnownFileType = text.plist.xml; path = Info.plist; sourceTree = "<group>"; };
		575DF88328E872F9004F1AC1 /* GoogleService-Info.plist */ = {isa = PBXFileReference; fileEncoding = 4; lastKnownFileType = text.plist.xml; path = "GoogleService-Info.plist"; sourceTree = "<group>"; };
		579D04E228ECA288009C82C5 /* RegistrationVC.swift */ = {isa = PBXFileReference; lastKnownFileType = sourcecode.swift; path = RegistrationVC.swift; sourceTree = "<group>"; };
		579D04E428ECA6D2009C82C5 /* EntranceVC.swift */ = {isa = PBXFileReference; lastKnownFileType = sourcecode.swift; path = EntranceVC.swift; sourceTree = "<group>"; };
		579D04E628ECAB7B009C82C5 /* RegistrationAndEnter.swift */ = {isa = PBXFileReference; lastKnownFileType = sourcecode.swift; path = RegistrationAndEnter.swift; sourceTree = "<group>"; };
		579D04E828ECC685009C82C5 /* Password.swift */ = {isa = PBXFileReference; lastKnownFileType = sourcecode.swift; path = Password.swift; sourceTree = "<group>"; };
		579D051528EDA23B009C82C5 /* OrdersVC.swift */ = {isa = PBXFileReference; lastKnownFileType = sourcecode.swift; path = OrdersVC.swift; sourceTree = "<group>"; };
		579D051728EDA298009C82C5 /* Constants.swift */ = {isa = PBXFileReference; lastKnownFileType = sourcecode.swift; path = Constants.swift; sourceTree = "<group>"; };
/* End PBXFileReference section */

/* Begin PBXFrameworksBuildPhase section */
		5759D52328E856C80091B10D /* Frameworks */ = {
			isa = PBXFrameworksBuildPhase;
			buildActionMask = 2147483647;
			files = (
				579D050C28ECD08C009C82C5 /* FirebaseDatabaseSwift in Frameworks */,
				579D050A28ECD08C009C82C5 /* FirebaseDatabase in Frameworks */,
				579D050428ECD08C009C82C5 /* FirebaseAnalyticsSwift in Frameworks */,
				579D050E28ECD08C009C82C5 /* FirebaseDynamicLinks in Frameworks */,
				579D050028ECD08C009C82C5 /* FirebaseAnalytics in Frameworks */,
				579D051228ECD08C009C82C5 /* FirebaseFirestoreSwift in Frameworks */,
				579D051028ECD08C009C82C5 /* FirebaseFirestore in Frameworks */,
				579D050228ECD08C009C82C5 /* FirebaseAnalyticsOnDeviceConversion in Frameworks */,
				579D051428ECD08C009C82C5 /* FirebaseStorage in Frameworks */,
				579D050628ECD08C009C82C5 /* FirebaseAuth in Frameworks */,
				579D050828ECD08C009C82C5 /* FirebaseAuthCombine-Community in Frameworks */,
			);
			runOnlyForDeploymentPostprocessing = 0;
		};
/* End PBXFrameworksBuildPhase section */

/* Begin PBXGroup section */
		5759D51D28E856C80091B10D = {
			isa = PBXGroup;
			children = (
				5759D52828E856C80091B10D /* WorkingServices */,
				5759D52728E856C80091B10D /* Products */,
			);
			sourceTree = "<group>";
		};
		5759D52728E856C80091B10D /* Products */ = {
			isa = PBXGroup;
			children = (
				5759D52628E856C80091B10D /* WorkingServices.app */,
			);
			name = Products;
			sourceTree = "<group>";
		};
		5759D52828E856C80091B10D /* WorkingServices */ = {
			isa = PBXGroup;
			children = (
				5759D52D28E856C80091B10D /* ViewController.swift */,
				579D051728EDA298009C82C5 /* Constants.swift */,
				579D04E228ECA288009C82C5 /* RegistrationVC.swift */,
				579D051528EDA23B009C82C5 /* OrdersVC.swift */,
				579D04E828ECC685009C82C5 /* Password.swift */,
				579D04E428ECA6D2009C82C5 /* EntranceVC.swift */,
				579D04E628ECAB7B009C82C5 /* RegistrationAndEnter.swift */,
				5759D52F28E856C80091B10D /* Main.storyboard */,
				5759D53228E856C80091B10D /* Assets.xcassets */,
				5759D53428E856C80091B10D /* LaunchScreen.storyboard */,
				5759D53728E856C80091B10D /* Info.plist */,
				575DF88328E872F9004F1AC1 /* GoogleService-Info.plist */,
				575DF88028E86AD7004F1AC1 /* Delegate */,
			);
			path = WorkingServices;
			sourceTree = "<group>";
		};
		575DF88028E86AD7004F1AC1 /* Delegate */ = {
			isa = PBXGroup;
			children = (
				5759D52928E856C80091B10D /* AppDelegate.swift */,
				5759D52B28E856C80091B10D /* SceneDelegate.swift */,
			);
			path = Delegate;
			sourceTree = "<group>";
		};
/* End PBXGroup section */

/* Begin PBXNativeTarget section */
		5759D52528E856C80091B10D /* WorkingServices */ = {
			isa = PBXNativeTarget;
			buildConfigurationList = 5759D53A28E856C80091B10D /* Build configuration list for PBXNativeTarget "WorkingServices" */;
			buildPhases = (
				5759D52228E856C80091B10D /* Sources */,
				5759D52328E856C80091B10D /* Frameworks */,
				5759D52428E856C80091B10D /* Resources */,
			);
			buildRules = (
			);
			dependencies = (
			);
			name = WorkingServices;
			packageProductDependencies = (
				579D04FF28ECD08C009C82C5 /* FirebaseAnalytics */,
				579D050128ECD08C009C82C5 /* FirebaseAnalyticsOnDeviceConversion */,
				579D050328ECD08C009C82C5 /* FirebaseAnalyticsSwift */,
				579D050528ECD08C009C82C5 /* FirebaseAuth */,
				579D050728ECD08C009C82C5 /* FirebaseAuthCombine-Community */,
				579D050928ECD08C009C82C5 /* FirebaseDatabase */,
				579D050B28ECD08C009C82C5 /* FirebaseDatabaseSwift */,
				579D050D28ECD08C009C82C5 /* FirebaseDynamicLinks */,
				579D050F28ECD08C009C82C5 /* FirebaseFirestore */,
				579D051128ECD08C009C82C5 /* FirebaseFirestoreSwift */,
				579D051328ECD08C009C82C5 /* FirebaseStorage */,
			);
			productName = WorkingServices;
			productReference = 5759D52628E856C80091B10D /* WorkingServices.app */;
			productType = "com.apple.product-type.application";
		};
/* End PBXNativeTarget section */

/* Begin PBXProject section */
		5759D51E28E856C80091B10D /* Project object */ = {
			isa = PBXProject;
			attributes = {
				BuildIndependentTargetsInParallel = 1;
				LastSwiftUpdateCheck = 1400;
				LastUpgradeCheck = 1400;
				TargetAttributes = {
					5759D52528E856C80091B10D = {
						CreatedOnToolsVersion = 14.0.1;
					};
				};
			};
			buildConfigurationList = 5759D52128E856C80091B10D /* Build configuration list for PBXProject "WorkingServices" */;
			compatibilityVersion = "Xcode 14.0";
			developmentRegion = en;
			hasScannedForEncodings = 0;
			knownRegions = (
				en,
				Base,
			);
			mainGroup = 5759D51D28E856C80091B10D;
			packageReferences = (
				579D04FE28ECD08C009C82C5 /* XCRemoteSwiftPackageReference "firebase-ios-sdk" */,
			);
			productRefGroup = 5759D52728E856C80091B10D /* Products */;
			projectDirPath = "";
			projectRoot = "";
			targets = (
				5759D52528E856C80091B10D /* WorkingServices */,
			);
		};
/* End PBXProject section */

/* Begin PBXResourcesBuildPhase section */
		5759D52428E856C80091B10D /* Resources */ = {
			isa = PBXResourcesBuildPhase;
			buildActionMask = 2147483647;
			files = (
				5759D53628E856C80091B10D /* LaunchScreen.storyboard in Resources */,
				575DF88428E872F9004F1AC1 /* GoogleService-Info.plist in Resources */,
				5759D53328E856C80091B10D /* Assets.xcassets in Resources */,
				5759D53128E856C80091B10D /* Main.storyboard in Resources */,
			);
			runOnlyForDeploymentPostprocessing = 0;
		};
/* End PBXResourcesBuildPhase section */

/* Begin PBXSourcesBuildPhase section */
		5759D52228E856C80091B10D /* Sources */ = {
			isa = PBXSourcesBuildPhase;
			buildActionMask = 2147483647;
			files = (
				5759D52E28E856C80091B10D /* ViewController.swift in Sources */,
				579D051628EDA23B009C82C5 /* OrdersVC.swift in Sources */,
				579D04E528ECA6D2009C82C5 /* EntranceVC.swift in Sources */,
				5759D52A28E856C80091B10D /* AppDelegate.swift in Sources */,
				579D04E928ECC685009C82C5 /* Password.swift in Sources */,
				579D04E728ECAB7B009C82C5 /* RegistrationAndEnter.swift in Sources */,
				5759D52C28E856C80091B10D /* SceneDelegate.swift in Sources */,
				579D04E328ECA288009C82C5 /* RegistrationVC.swift in Sources */,
				579D051828EDA298009C82C5 /* Constants.swift in Sources */,
			);
			runOnlyForDeploymentPostprocessing = 0;
		};
/* End PBXSourcesBuildPhase section */

/* Begin PBXVariantGroup section */
		5759D52F28E856C80091B10D /* Main.storyboard */ = {
			isa = PBXVariantGroup;
			children = (
				5759D53028E856C80091B10D /* Base */,
			);
			name = Main.storyboard;
			sourceTree = "<group>";
		};
		5759D53428E856C80091B10D /* LaunchScreen.storyboard */ = {
			isa = PBXVariantGroup;
			children = (
				5759D53528E856C80091B10D /* Base */,
			);
			name = LaunchScreen.storyboard;
			sourceTree = "<group>";
		};
/* End PBXVariantGroup section */

/* Begin XCBuildConfiguration section */
		5759D53828E856C80091B10D /* Debug */ = {
			isa = XCBuildConfiguration;
			buildSettings = {
				ALWAYS_SEARCH_USER_PATHS = NO;
				CLANG_ANALYZER_NONNULL = YES;
				CLANG_ANALYZER_NUMBER_OBJECT_CONVERSION = YES_AGGRESSIVE;
				CLANG_CXX_LANGUAGE_STANDARD = "gnu++20";
				CLANG_ENABLE_MODULES = YES;
				CLANG_ENABLE_OBJC_ARC = YES;
				CLANG_ENABLE_OBJC_WEAK = YES;
				CLANG_WARN_BLOCK_CAPTURE_AUTORELEASING = YES;
				CLANG_WARN_BOOL_CONVERSION = YES;
				CLANG_WARN_COMMA = YES;
				CLANG_WARN_CONSTANT_CONVERSION = YES;
				CLANG_WARN_DEPRECATED_OBJC_IMPLEMENTATIONS = YES;
				CLANG_WARN_DIRECT_OBJC_ISA_USAGE = YES_ERROR;
				CLANG_WARN_DOCUMENTATION_COMMENTS = YES;
				CLANG_WARN_EMPTY_BODY = YES;
				CLANG_WARN_ENUM_CONVERSION = YES;
				CLANG_WARN_INFINITE_RECURSION = YES;
				CLANG_WARN_INT_CONVERSION = YES;
				CLANG_WARN_NON_LITERAL_NULL_CONVERSION = YES;
				CLANG_WARN_OBJC_IMPLICIT_RETAIN_SELF = YES;
				CLANG_WARN_OBJC_LITERAL_CONVERSION = YES;
				CLANG_WARN_OBJC_ROOT_CLASS = YES_ERROR;
				CLANG_WARN_QUOTED_INCLUDE_IN_FRAMEWORK_HEADER = YES;
				CLANG_WARN_RANGE_LOOP_ANALYSIS = YES;
				CLANG_WARN_STRICT_PROTOTYPES = YES;
				CLANG_WARN_SUSPICIOUS_MOVE = YES;
				CLANG_WARN_UNGUARDED_AVAILABILITY = YES_AGGRESSIVE;
				CLANG_WARN_UNREACHABLE_CODE = YES;
				CLANG_WARN__DUPLICATE_METHOD_MATCH = YES;
				COPY_PHASE_STRIP = NO;
				DEBUG_INFORMATION_FORMAT = dwarf;
				ENABLE_STRICT_OBJC_MSGSEND = YES;
				ENABLE_TESTABILITY = YES;
				GCC_C_LANGUAGE_STANDARD = gnu11;
				GCC_DYNAMIC_NO_PIC = NO;
				GCC_NO_COMMON_BLOCKS = YES;
				GCC_OPTIMIZATION_LEVEL = 0;
				GCC_PREPROCESSOR_DEFINITIONS = (
					"DEBUG=1",
					"$(inherited)",
				);
				GCC_WARN_64_TO_32_BIT_CONVERSION = YES;
				GCC_WARN_ABOUT_RETURN_TYPE = YES_ERROR;
				GCC_WARN_UNDECLARED_SELECTOR = YES;
				GCC_WARN_UNINITIALIZED_AUTOS = YES_AGGRESSIVE;
				GCC_WARN_UNUSED_FUNCTION = YES;
				GCC_WARN_UNUSED_VARIABLE = YES;
				IPHONEOS_DEPLOYMENT_TARGET = 16.0;
				MTL_ENABLE_DEBUG_INFO = INCLUDE_SOURCE;
				MTL_FAST_MATH = YES;
				ONLY_ACTIVE_ARCH = YES;
				SDKROOT = iphoneos;
				SWIFT_ACTIVE_COMPILATION_CONDITIONS = DEBUG;
				SWIFT_OPTIMIZATION_LEVEL = "-Onone";
			};
			name = Debug;
		};
		5759D53928E856C80091B10D /* Release */ = {
			isa = XCBuildConfiguration;
			buildSettings = {
				ALWAYS_SEARCH_USER_PATHS = NO;
				CLANG_ANALYZER_NONNULL = YES;
				CLANG_ANALYZER_NUMBER_OBJECT_CONVERSION = YES_AGGRESSIVE;
				CLANG_CXX_LANGUAGE_STANDARD = "gnu++20";
				CLANG_ENABLE_MODULES = YES;
				CLANG_ENABLE_OBJC_ARC = YES;
				CLANG_ENABLE_OBJC_WEAK = YES;
				CLANG_WARN_BLOCK_CAPTURE_AUTORELEASING = YES;
				CLANG_WARN_BOOL_CONVERSION = YES;
				CLANG_WARN_COMMA = YES;
				CLANG_WARN_CONSTANT_CONVERSION = YES;
				CLANG_WARN_DEPRECATED_OBJC_IMPLEMENTATIONS = YES;
				CLANG_WARN_DIRECT_OBJC_ISA_USAGE = YES_ERROR;
				CLANG_WARN_DOCUMENTATION_COMMENTS = YES;
				CLANG_WARN_EMPTY_BODY = YES;
				CLANG_WARN_ENUM_CONVERSION = YES;
				CLANG_WARN_INFINITE_RECURSION = YES;
				CLANG_WARN_INT_CONVERSION = YES;
				CLANG_WARN_NON_LITERAL_NULL_CONVERSION = YES;
				CLANG_WARN_OBJC_IMPLICIT_RETAIN_SELF = YES;
				CLANG_WARN_OBJC_LITERAL_CONVERSION = YES;
				CLANG_WARN_OBJC_ROOT_CLASS = YES_ERROR;
				CLANG_WARN_QUOTED_INCLUDE_IN_FRAMEWORK_HEADER = YES;
				CLANG_WARN_RANGE_LOOP_ANALYSIS = YES;
				CLANG_WARN_STRICT_PROTOTYPES = YES;
				CLANG_WARN_SUSPICIOUS_MOVE = YES;
				CLANG_WARN_UNGUARDED_AVAILABILITY = YES_AGGRESSIVE;
				CLANG_WARN_UNREACHABLE_CODE = YES;
				CLANG_WARN__DUPLICATE_METHOD_MATCH = YES;
				COPY_PHASE_STRIP = NO;
				DEBUG_INFORMATION_FORMAT = "dwarf-with-dsym";
				ENABLE_NS_ASSERTIONS = NO;
				ENABLE_STRICT_OBJC_MSGSEND = YES;
				GCC_C_LANGUAGE_STANDARD = gnu11;
				GCC_NO_COMMON_BLOCKS = YES;
				GCC_WARN_64_TO_32_BIT_CONVERSION = YES;
				GCC_WARN_ABOUT_RETURN_TYPE = YES_ERROR;
				GCC_WARN_UNDECLARED_SELECTOR = YES;
				GCC_WARN_UNINITIALIZED_AUTOS = YES_AGGRESSIVE;
				GCC_WARN_UNUSED_FUNCTION = YES;
				GCC_WARN_UNUSED_VARIABLE = YES;
				IPHONEOS_DEPLOYMENT_TARGET = 16.0;
				MTL_ENABLE_DEBUG_INFO = NO;
				MTL_FAST_MATH = YES;
				SDKROOT = iphoneos;
				SWIFT_COMPILATION_MODE = wholemodule;
				SWIFT_OPTIMIZATION_LEVEL = "-O";
				VALIDATE_PRODUCT = YES;
			};
			name = Release;
		};
		5759D53B28E856C80091B10D /* Debug */ = {
			isa = XCBuildConfiguration;
			buildSettings = {
				ASSETCATALOG_COMPILER_APPICON_NAME = AppIcon;
				ASSETCATALOG_COMPILER_GLOBAL_ACCENT_COLOR_NAME = AccentColor;
				CODE_SIGN_STYLE = Automatic;
				CURRENT_PROJECT_VERSION = 1;
				DEVELOPMENT_TEAM = C5CQ94WWT6;
				GENERATE_INFOPLIST_FILE = YES;
				INFOPLIST_FILE = WorkingServices/Info.plist;
				INFOPLIST_KEY_UIApplicationSupportsIndirectInputEvents = YES;
				INFOPLIST_KEY_UILaunchStoryboardName = LaunchScreen;
				INFOPLIST_KEY_UIMainStoryboardFile = Main;
				INFOPLIST_KEY_UISupportedInterfaceOrientations_iPad = "UIInterfaceOrientationPortrait UIInterfaceOrientationPortraitUpsideDown UIInterfaceOrientationLandscapeLeft UIInterfaceOrientationLandscapeRight";
				INFOPLIST_KEY_UISupportedInterfaceOrientations_iPhone = "UIInterfaceOrientationPortrait UIInterfaceOrientationLandscapeLeft UIInterfaceOrientationLandscapeRight";
				LD_RUNPATH_SEARCH_PATHS = (
					"$(inherited)",
					"@executable_path/Frameworks",
				);
				MARKETING_VERSION = 1.0;
				PRODUCT_BUNDLE_IDENTIFIER = test.WorkingServices;
				PRODUCT_NAME = "$(TARGET_NAME)";
				SWIFT_EMIT_LOC_STRINGS = YES;
				SWIFT_VERSION = 5.0;
				TARGETED_DEVICE_FAMILY = "1,2";
			};
			name = Debug;
		};
		5759D53C28E856C80091B10D /* Release */ = {
			isa = XCBuildConfiguration;
			buildSettings = {
				ASSETCATALOG_COMPILER_APPICON_NAME = AppIcon;
				ASSETCATALOG_COMPILER_GLOBAL_ACCENT_COLOR_NAME = AccentColor;
				CODE_SIGN_STYLE = Automatic;
				CURRENT_PROJECT_VERSION = 1;
				DEVELOPMENT_TEAM = C5CQ94WWT6;
				GENERATE_INFOPLIST_FILE = YES;
				INFOPLIST_FILE = WorkingServices/Info.plist;
				INFOPLIST_KEY_UIApplicationSupportsIndirectInputEvents = YES;
				INFOPLIST_KEY_UILaunchStoryboardName = LaunchScreen;
				INFOPLIST_KEY_UIMainStoryboardFile = Main;
				INFOPLIST_KEY_UISupportedInterfaceOrientations_iPad = "UIInterfaceOrientationPortrait UIInterfaceOrientationPortraitUpsideDown UIInterfaceOrientationLandscapeLeft UIInterfaceOrientationLandscapeRight";
				INFOPLIST_KEY_UISupportedInterfaceOrientations_iPhone = "UIInterfaceOrientationPortrait UIInterfaceOrientationLandscapeLeft UIInterfaceOrientationLandscapeRight";
				LD_RUNPATH_SEARCH_PATHS = (
					"$(inherited)",
					"@executable_path/Frameworks",
				);
				MARKETING_VERSION = 1.0;
				PRODUCT_BUNDLE_IDENTIFIER = test.WorkingServices;
				PRODUCT_NAME = "$(TARGET_NAME)";
				SWIFT_EMIT_LOC_STRINGS = YES;
				SWIFT_VERSION = 5.0;
				TARGETED_DEVICE_FAMILY = "1,2";
			};
			name = Release;
		};
/* End XCBuildConfiguration section */

/* Begin XCConfigurationList section */
		5759D52128E856C80091B10D /* Build configuration list for PBXProject "WorkingServices" */ = {
			isa = XCConfigurationList;
			buildConfigurations = (
				5759D53828E856C80091B10D /* Debug */,
				5759D53928E856C80091B10D /* Release */,
			);
			defaultConfigurationIsVisible = 0;
			defaultConfigurationName = Release;
		};
		5759D53A28E856C80091B10D /* Build configuration list for PBXNativeTarget "WorkingServices" */ = {
			isa = XCConfigurationList;
			buildConfigurations = (
				5759D53B28E856C80091B10D /* Debug */,
				5759D53C28E856C80091B10D /* Release */,
			);
			defaultConfigurationIsVisible = 0;
			defaultConfigurationName = Release;
		};
/* End XCConfigurationList section */

/* Begin XCRemoteSwiftPackageReference section */
		579D04FE28ECD08C009C82C5 /* XCRemoteSwiftPackageReference "firebase-ios-sdk" */ = {
			isa = XCRemoteSwiftPackageReference;
			repositoryURL = "https://github.com/firebase/firebase-ios-sdk";
			requirement = {
				kind = upToNextMajorVersion;
				minimumVersion = 9.6.0;
			};
		};
/* End XCRemoteSwiftPackageReference section */

/* Begin XCSwiftPackageProductDependency section */
		579D04FF28ECD08C009C82C5 /* FirebaseAnalytics */ = {
			isa = XCSwiftPackageProductDependency;
			package = 579D04FE28ECD08C009C82C5 /* XCRemoteSwiftPackageReference "firebase-ios-sdk" */;
			productName = FirebaseAnalytics;
		};
		579D050128ECD08C009C82C5 /* FirebaseAnalyticsOnDeviceConversion */ = {
			isa = XCSwiftPackageProductDependency;
			package = 579D04FE28ECD08C009C82C5 /* XCRemoteSwiftPackageReference "firebase-ios-sdk" */;
			productName = FirebaseAnalyticsOnDeviceConversion;
		};
		579D050328ECD08C009C82C5 /* FirebaseAnalyticsSwift */ = {
			isa = XCSwiftPackageProductDependency;
			package = 579D04FE28ECD08C009C82C5 /* XCRemoteSwiftPackageReference "firebase-ios-sdk" */;
			productName = FirebaseAnalyticsSwift;
		};
		579D050528ECD08C009C82C5 /* FirebaseAuth */ = {
			isa = XCSwiftPackageProductDependency;
			package = 579D04FE28ECD08C009C82C5 /* XCRemoteSwiftPackageReference "firebase-ios-sdk" */;
			productName = FirebaseAuth;
		};
		579D050728ECD08C009C82C5 /* FirebaseAuthCombine-Community */ = {
			isa = XCSwiftPackageProductDependency;
			package = 579D04FE28ECD08C009C82C5 /* XCRemoteSwiftPackageReference "firebase-ios-sdk" */;
			productName = "FirebaseAuthCombine-Community";
		};
		579D050928ECD08C009C82C5 /* FirebaseDatabase */ = {
			isa = XCSwiftPackageProductDependency;
			package = 579D04FE28ECD08C009C82C5 /* XCRemoteSwiftPackageReference "firebase-ios-sdk" */;
			productName = FirebaseDatabase;
		};
		579D050B28ECD08C009C82C5 /* FirebaseDatabaseSwift */ = {
			isa = XCSwiftPackageProductDependency;
			package = 579D04FE28ECD08C009C82C5 /* XCRemoteSwiftPackageReference "firebase-ios-sdk" */;
			productName = FirebaseDatabaseSwift;
		};
		579D050D28ECD08C009C82C5 /* FirebaseDynamicLinks */ = {
			isa = XCSwiftPackageProductDependency;
			package = 579D04FE28ECD08C009C82C5 /* XCRemoteSwiftPackageReference "firebase-ios-sdk" */;
			productName = FirebaseDynamicLinks;
		};
		579D050F28ECD08C009C82C5 /* FirebaseFirestore */ = {
			isa = XCSwiftPackageProductDependency;
			package = 579D04FE28ECD08C009C82C5 /* XCRemoteSwiftPackageReference "firebase-ios-sdk" */;
			productName = FirebaseFirestore;
		};
		579D051128ECD08C009C82C5 /* FirebaseFirestoreSwift */ = {
			isa = XCSwiftPackageProductDependency;
			package = 579D04FE28ECD08C009C82C5 /* XCRemoteSwiftPackageReference "firebase-ios-sdk" */;
			productName = FirebaseFirestoreSwift;
		};
		579D051328ECD08C009C82C5 /* FirebaseStorage */ = {
			isa = XCSwiftPackageProductDependency;
			package = 579D04FE28ECD08C009C82C5 /* XCRemoteSwiftPackageReference "firebase-ios-sdk" */;
			productName = FirebaseStorage;
		};
/* End XCSwiftPackageProductDependency section */
	};
	rootObject = 5759D51E28E856C80091B10D /* Project object */;
}
